Microsoft Visual Studio Solution File, Format Version 11.00
# Visual Studio 2008

Project("{FACFA1BA-4C22-317C-E73A-C7D0EAD73C18}") = "ChuhanFengLab2", "Assembly-CSharp.csproj", "{5E42B2DC-9C8E-CCBC-B197-D18676D6B2D5}"
EndProject
Global
	GlobalSection(SolutionConfigurationPlatforms) = preSolution
		Debug|Any CPU = Debug|Any CPU
		Release|Any CPU = Release|Any CPU
	EndGlobalSection
	GlobalSection(ProjectConfigurationPlatforms) = postSolution
		{5E42B2DC-9C8E-CCBC-B197-D18676D6B2D5}.Debug|Any CPU.ActiveCfg = Debug|Any CPU
		{5E42B2DC-9C8E-CCBC-B197-D18676D6B2D5}.Debug|Any CPU.Build.0 = Debug|Any CPU
		{5E42B2DC-9C8E-CCBC-B197-D18676D6B2D5}.Release|Any CPU.ActiveCfg = Release|Any CPU
		{5E42B2DC-9C8E-CCBC-B197-D18676D6B2D5}.Release|Any CPU.Build.0 = Release|Any CPU
	EndGlobalSection
	GlobalSection(SolutionProperties) = preSolution
		HideSolutionNode = FALSE
	EndGlobalSection
	GlobalSection(MonoDevelopProperties) = preSolution
		StartupItem = Assembly-CSharp.csproj
	EndGlobalSection
EndGlobal
